<?xml version="1.0" encoding="utf-8"?>
<Project ToolsVersion="4.0" xmlns="http://schemas.microsoft.com/developer/msbuild/2003">
  <ItemGroup>
    <ClCompile Include="Battleships.cpp" />
    <ClCompile Include="Button.cpp" />
    <ClCompile Include="Menu.cpp" />
    <ClCompile Include="Grid.cpp" />
    <ClCompile Include="Package.cpp" />
    <ClCompile Include="TCPCommunicator.cpp" />
    <ClCompile Include="TextField.cpp" />
    <ClCompile Include="Listener.cpp" />
    <ClCompile Include="ListenerMenu.cpp" />
    <ClCompile Include="Joiner.cpp" />
    <ClCompile Include="Label.cpp" />
  </ItemGroup>
  <ItemGroup>
    <ClInclude Include="Button.h" />
    <ClInclude Include="Menu.h" />
    <ClInclude Include="Grid.h" />
    <ClInclude Include="Package.h" />
    <ClInclude Include="TCPCommunicator.h" />
    <ClInclude Include="TextField.h" />
    <ClInclude Include="Runnable.h" />
    <ClInclude Include="Listener.h" />
    <ClInclude Include="ListenerMenu.h" />
    <ClInclude Include="Joiner.h" />
    <ClInclude Include="Label.h" />
  </ItemGroup>
</Project>